// !$*UTF8*$!
{
	archiveVersion = 1;
	classes = {
	};
	objectVersion = 55;
	objects = {

/* Begin PBXBuildFile section */
		D1B3F2C8284511ED00EE23BD /* BudgeerApp.swift in Sources */ = {isa = PBXBuildFile; fileRef = D1B3F2C7284511ED00EE23BD /* BudgeerApp.swift */; };
		D1B3F2CA284511ED00EE23BD /* ContentView.swift in Sources */ = {isa = PBXBuildFile; fileRef = D1B3F2C9284511ED00EE23BD /* ContentView.swift */; };
		D1B3F2CC284511EF00EE23BD /* Assets.xcassets in Resources */ = {isa = PBXBuildFile; fileRef = D1B3F2CB284511EF00EE23BD /* Assets.xcassets */; };
		D1B3F2CF284511EF00EE23BD /* Preview Assets.xcassets in Resources */ = {isa = PBXBuildFile; fileRef = D1B3F2CE284511EF00EE23BD /* Preview Assets.xcassets */; };
		D1B3F2DB2845135000EE23BD /* HomeView.swift in Sources */ = {isa = PBXBuildFile; fileRef = D1B3F2DA2845135000EE23BD /* HomeView.swift */; };
		D1B3F2DE2845139D00EE23BD /* CategoriesView.swift in Sources */ = {isa = PBXBuildFile; fileRef = D1B3F2DD2845139D00EE23BD /* CategoriesView.swift */; };
		D1B3F2E0284513B900EE23BD /* HousingView.swift in Sources */ = {isa = PBXBuildFile; fileRef = D1B3F2DF284513B900EE23BD /* HousingView.swift */; };
		D1B3F2E3284513E000EE23BD /* ShoppingView.swift in Sources */ = {isa = PBXBuildFile; fileRef = D1B3F2E2284513E000EE23BD /* ShoppingView.swift */; };
		D1B3F2E5284513F100EE23BD /* FoodDrinksView.swift in Sources */ = {isa = PBXBuildFile; fileRef = D1B3F2E4284513F100EE23BD /* FoodDrinksView.swift */; };
		D1B3F2E72845140400EE23BD /* Transportation.swift in Sources */ = {isa = PBXBuildFile; fileRef = D1B3F2E62845140400EE23BD /* Transportation.swift */; };
		D1B3F2E92845141F00EE23BD /* Entertainment.swift in Sources */ = {isa = PBXBuildFile; fileRef = D1B3F2E82845141F00EE23BD /* Entertainment.swift */; };
		D1B3F2EB2845147E00EE23BD /* Devices.swift in Sources */ = {isa = PBXBuildFile; fileRef = D1B3F2EA2845147E00EE23BD /* Devices.swift */; };
		D1B3F2ED2845149D00EE23BD /* OtherView.swift in Sources */ = {isa = PBXBuildFile; fileRef = D1B3F2EC2845149D00EE23BD /* OtherView.swift */; };
		D1B3F2EF284514D100EE23BD /* AddView.swift in Sources */ = {isa = PBXBuildFile; fileRef = D1B3F2EE284514D100EE23BD /* AddView.swift */; };
		D1B3F2F828451C0E00EE23BD /* Budgeer.xcdatamodeld in Sources */ = {isa = PBXBuildFile; fileRef = D1B3F2F628451C0E00EE23BD /* Budgeer.xcdatamodeld */; };
		D1B3F2FA28451C2700EE23BD /* DataController.swift in Sources */ = {isa = PBXBuildFile; fileRef = D1B3F2F928451C2700EE23BD /* DataController.swift */; };
/* End PBXBuildFile section */

/* Begin PBXFileReference section */
		D1B3F2C4284511ED00EE23BD /* Budgeer.app */ = {isa = PBXFileReference; explicitFileType = wrapper.application; includeInIndex = 0; path = Budgeer.app; sourceTree = BUILT_PRODUCTS_DIR; };
		D1B3F2C7284511ED00EE23BD /* BudgeerApp.swift */ = {isa = PBXFileReference; lastKnownFileType = sourcecode.swift; path = BudgeerApp.swift; sourceTree = "<group>"; };
		D1B3F2C9284511ED00EE23BD /* ContentView.swift */ = {isa = PBXFileReference; lastKnownFileType = sourcecode.swift; path = ContentView.swift; sourceTree = "<group>"; };
		D1B3F2CB284511EF00EE23BD /* Assets.xcassets */ = {isa = PBXFileReference; lastKnownFileType = folder.assetcatalog; path = Assets.xcassets; sourceTree = "<group>"; };
		D1B3F2CE284511EF00EE23BD /* Preview Assets.xcassets */ = {isa = PBXFileReference; lastKnownFileType = folder.assetcatalog; path = "Preview Assets.xcassets"; sourceTree = "<group>"; };
		D1B3F2DA2845135000EE23BD /* HomeView.swift */ = {isa = PBXFileReference; lastKnownFileType = sourcecode.swift; path = HomeView.swift; sourceTree = "<group>"; };
		D1B3F2DD2845139D00EE23BD /* CategoriesView.swift */ = {isa = PBXFileReference; lastKnownFileType = sourcecode.swift; path = CategoriesView.swift; sourceTree = "<group>"; };
		D1B3F2DF284513B900EE23BD /* HousingView.swift */ = {isa = PBXFileReference; lastKnownFileType = sourcecode.swift; path = HousingView.swift; sourceTree = "<group>"; };
		D1B3F2E2284513E000EE23BD /* ShoppingView.swift */ = {isa = PBXFileReference; lastKnownFileType = sourcecode.swift; path = ShoppingView.swift; sourceTree = "<group>"; };
		D1B3F2E4284513F100EE23BD /* FoodDrinksView.swift */ = {isa = PBXFileReference; lastKnownFileType = sourcecode.swift; path = FoodDrinksView.swift; sourceTree = "<group>"; };
		D1B3F2E62845140400EE23BD /* Transportation.swift */ = {isa = PBXFileReference; lastKnownFileType = sourcecode.swift; path = Transportation.swift; sourceTree = "<group>"; };
		D1B3F2E82845141F00EE23BD /* Entertainment.swift */ = {isa = PBXFileReference; lastKnownFileType = sourcecode.swift; path = Entertainment.swift; sourceTree = "<group>"; };
		D1B3F2EA2845147E00EE23BD /* Devices.swift */ = {isa = PBXFileReference; lastKnownFileType = sourcecode.swift; name = Devices.swift; path = Budgeer/TabView/Devices.swift; sourceTree = SOURCE_ROOT; };
		D1B3F2EC2845149D00EE23BD /* OtherView.swift */ = {isa = PBXFileReference; lastKnownFileType = sourcecode.swift; path = OtherView.swift; sourceTree = "<group>"; };
		D1B3F2EE284514D100EE23BD /* AddView.swift */ = {isa = PBXFileReference; lastKnownFileType = sourcecode.swift; path = AddView.swift; sourceTree = "<group>"; };
		D1B3F2F728451C0E00EE23BD /* DataController.xcdatamodel */ = {isa = PBXFileReference; lastKnownFileType = wrapper.xcdatamodel; path = DataController.xcdatamodel; sourceTree = "<group>"; };
		D1B3F2F928451C2700EE23BD /* DataController.swift */ = {isa = PBXFileReference; lastKnownFileType = sourcecode.swift; path = DataController.swift; sourceTree = "<group>"; };
/* End PBXFileReference section */

/* Begin PBXFrameworksBuildPhase section */
		D1B3F2C1284511ED00EE23BD /* Frameworks */ = {
			isa = PBXFrameworksBuildPhase;
			buildActionMask = 2147483647;
			files = (
			);
			runOnlyForDeploymentPostprocessing = 0;
		};
/* End PBXFrameworksBuildPhase section */

/* Begin PBXGroup section */
		D1B3F2BB284511ED00EE23BD = {
			isa = PBXGroup;
			children = (
				D1B3F2C6284511ED00EE23BD /* Budgeer */,
				D1B3F2C5284511ED00EE23BD /* Products */,
			);
			sourceTree = "<group>";
		};
		D1B3F2C5284511ED00EE23BD /* Products */ = {
			isa = PBXGroup;
			children = (
				D1B3F2C4284511ED00EE23BD /* Budgeer.app */,
			);
			name = Products;
			sourceTree = "<group>";
		};
		D1B3F2C6284511ED00EE23BD /* Budgeer */ = {
			isa = PBXGroup;
			children = (
				D1B3F2CB284511EF00EE23BD /* Assets.xcassets */,
				D1B3F2C7284511ED00EE23BD /* BudgeerApp.swift */,
				D1B3F2C9284511ED00EE23BD /* ContentView.swift */,
				D1B3F2F52845156500EE23BD /* Database */,
				D1B3F2DC2845137F00EE23BD /* TabView */,
				D1B3F2E1284513C300EE23BD /* Categories */,
				D1B3F2F0284514DE00EE23BD /* Components */,
				D1B3F2CD284511EF00EE23BD /* Preview Content */,
			);
			path = Budgeer;
			sourceTree = "<group>";
		};
		D1B3F2CD284511EF00EE23BD /* Preview Content */ = {
			isa = PBXGroup;
			children = (
				D1B3F2CE284511EF00EE23BD /* Preview Assets.xcassets */,
			);
			path = "Preview Content";
			sourceTree = "<group>";
		};
		D1B3F2DC2845137F00EE23BD /* TabView */ = {
			isa = PBXGroup;
			children = (
				D1B3F2DA2845135000EE23BD /* HomeView.swift */,
				D1B3F2DD2845139D00EE23BD /* CategoriesView.swift */,
			);
			path = TabView;
			sourceTree = "<group>";
		};
		D1B3F2E1284513C300EE23BD /* Categories */ = {
			isa = PBXGroup;
			children = (
				D1B3F2DF284513B900EE23BD /* HousingView.swift */,
				D1B3F2E2284513E000EE23BD /* ShoppingView.swift */,
				D1B3F2E4284513F100EE23BD /* FoodDrinksView.swift */,
				D1B3F2E62845140400EE23BD /* Transportation.swift */,
				D1B3F2E82845141F00EE23BD /* Entertainment.swift */,
				D1B3F2EA2845147E00EE23BD /* Devices.swift */,
				D1B3F2EC2845149D00EE23BD /* OtherView.swift */,
			);
			path = Categories;
			sourceTree = "<group>";
		};
		D1B3F2F0284514DE00EE23BD /* Components */ = {
			isa = PBXGroup;
			children = (
				D1B3F2EE284514D100EE23BD /* AddView.swift */,
			);
			path = Components;
			sourceTree = "<group>";
		};
		D1B3F2F52845156500EE23BD /* Database */ = {
			isa = PBXGroup;
			children = (
				D1B3F2F628451C0E00EE23BD /* Budgeer.xcdatamodeld */,
				D1B3F2F928451C2700EE23BD /* DataController.swift */,
			);
			path = Database;
			sourceTree = "<group>";
		};
/* End PBXGroup section */

/* Begin PBXNativeTarget section */
		D1B3F2C3284511ED00EE23BD /* Budgeer */ = {
			isa = PBXNativeTarget;
			buildConfigurationList = D1B3F2D2284511EF00EE23BD /* Build configuration list for PBXNativeTarget "Budgeer" */;
			buildPhases = (
				D1B3F2C0284511ED00EE23BD /* Sources */,
				D1B3F2C1284511ED00EE23BD /* Frameworks */,
				D1B3F2C2284511ED00EE23BD /* Resources */,
			);
			buildRules = (
			);
			dependencies = (
			);
			name = Budgeer;
			packageProductDependencies = (
			);
			productName = Budgeer;
			productReference = D1B3F2C4284511ED00EE23BD /* Budgeer.app */;
			productType = "com.apple.product-type.application";
		};
/* End PBXNativeTarget section */

/* Begin PBXProject section */
		D1B3F2BC284511ED00EE23BD /* Project object */ = {
			isa = PBXProject;
			attributes = {
				BuildIndependentTargetsInParallel = 1;
				LastSwiftUpdateCheck = 1340;
				LastUpgradeCheck = 1340;
				TargetAttributes = {
					D1B3F2C3284511ED00EE23BD = {
						CreatedOnToolsVersion = 13.4;
					};
				};
			};
			buildConfigurationList = D1B3F2BF284511ED00EE23BD /* Build configuration list for PBXProject "Budgeer" */;
			compatibilityVersion = "Xcode 13.0";
			developmentRegion = en;
			hasScannedForEncodings = 0;
			knownRegions = (
				en,
				Base,
			);
			mainGroup = D1B3F2BB284511ED00EE23BD;
			packageReferences = (
			);
			productRefGroup = D1B3F2C5284511ED00EE23BD /* Products */;
			projectDirPath = "";
			projectRoot = "";
			targets = (
				D1B3F2C3284511ED00EE23BD /* Budgeer */,
			);
		};
/* End PBXProject section */

/* Begin PBXResourcesBuildPhase section */
		D1B3F2C2284511ED00EE23BD /* Resources */ = {
			isa = PBXResourcesBuildPhase;
			buildActionMask = 2147483647;
			files = (
				D1B3F2CF284511EF00EE23BD /* Preview Assets.xcassets in Resources */,
				D1B3F2CC284511EF00EE23BD /* Assets.xcassets in Resources */,
			);
			runOnlyForDeploymentPostprocessing = 0;
		};
/* End PBXResourcesBuildPhase section */

/* Begin PBXSourcesBuildPhase section */
		D1B3F2C0284511ED00EE23BD /* Sources */ = {
			isa = PBXSourcesBuildPhase;
			buildActionMask = 2147483647;
			files = (
				D1B3F2DE2845139D00EE23BD /* CategoriesView.swift in Sources */,
				D1B3F2DB2845135000EE23BD /* HomeView.swift in Sources */,
				D1B3F2E92845141F00EE23BD /* Entertainment.swift in Sources */,
				D1B3F2E3284513E000EE23BD /* ShoppingView.swift in Sources */,
				D1B3F2E0284513B900EE23BD /* HousingView.swift in Sources */,
				D1B3F2ED2845149D00EE23BD /* OtherView.swift in Sources */,
				D1B3F2CA284511ED00EE23BD /* ContentView.swift in Sources */,
				D1B3F2E5284513F100EE23BD /* FoodDrinksView.swift in Sources */,
				D1B3F2EF284514D100EE23BD /* AddView.swift in Sources */,
				D1B3F2EB2845147E00EE23BD /* Devices.swift in Sources */,
				D1B3F2C8284511ED00EE23BD /* BudgeerApp.swift in Sources */,
				D1B3F2FA28451C2700EE23BD /* DataController.swift in Sources */,
				D1B3F2E72845140400EE23BD /* Transportation.swift in Sources */,
				D1B3F2F828451C0E00EE23BD /* Budgeer.xcdatamodeld in Sources */,
			);
			runOnlyForDeploymentPostprocessing = 0;
		};
/* End PBXSourcesBuildPhase section */

/* Begin XCBuildConfiguration section */
		D1B3F2D0284511EF00EE23BD /* Debug */ = {
			isa = XCBuildConfiguration;
			buildSettings = {
				ALWAYS_SEARCH_USER_PATHS = NO;
				CLANG_ANALYZER_NONNULL = YES;
				CLANG_ANALYZER_NUMBER_OBJECT_CONVERSION = YES_AGGRESSIVE;
				CLANG_CXX_LANGUAGE_STANDARD = "gnu++17";
				CLANG_ENABLE_MODULES = YES;
				CLANG_ENABLE_OBJC_ARC = YES;
				CLANG_ENABLE_OBJC_WEAK = YES;
				CLANG_WARN_BLOCK_CAPTURE_AUTORELEASING = YES;
				CLANG_WARN_BOOL_CONVERSION = YES;
				CLANG_WARN_COMMA = YES;
				CLANG_WARN_CONSTANT_CONVERSION = YES;
				CLANG_WARN_DEPRECATED_OBJC_IMPLEMENTATIONS = YES;
				CLANG_WARN_DIRECT_OBJC_ISA_USAGE = YES_ERROR;
				CLANG_WARN_DOCUMENTATION_COMMENTS = YES;
				CLANG_WARN_EMPTY_BODY = YES;
				CLANG_WARN_ENUM_CONVERSION = YES;
				CLANG_WARN_INFINITE_RECURSION = YES;
				CLANG_WARN_INT_CONVERSION = YES;
				CLANG_WARN_NON_LITERAL_NULL_CONVERSION = YES;
				CLANG_WARN_OBJC_IMPLICIT_RETAIN_SELF = YES;
				CLANG_WARN_OBJC_LITERAL_CONVERSION = YES;
				CLANG_WARN_OBJC_ROOT_CLASS = YES_ERROR;
				CLANG_WARN_QUOTED_INCLUDE_IN_FRAMEWORK_HEADER = YES;
				CLANG_WARN_RANGE_LOOP_ANALYSIS = YES;
				CLANG_WARN_STRICT_PROTOTYPES = YES;
				CLANG_WARN_SUSPICIOUS_MOVE = YES;
				CLANG_WARN_UNGUARDED_AVAILABILITY = YES_AGGRESSIVE;
				CLANG_WARN_UNREACHABLE_CODE = YES;
				CLANG_WARN__DUPLICATE_METHOD_MATCH = YES;
				COPY_PHASE_STRIP = NO;
				DEBUG_INFORMATION_FORMAT = dwarf;
				ENABLE_STRICT_OBJC_MSGSEND = YES;
				ENABLE_TESTABILITY = YES;
				GCC_C_LANGUAGE_STANDARD = gnu11;
				GCC_DYNAMIC_NO_PIC = NO;
				GCC_NO_COMMON_BLOCKS = YES;
				GCC_OPTIMIZATION_LEVEL = 0;
				GCC_PREPROCESSOR_DEFINITIONS = (
					"DEBUG=1",
					"$(inherited)",
				);
				GCC_WARN_64_TO_32_BIT_CONVERSION = YES;
				GCC_WARN_ABOUT_RETURN_TYPE = YES_ERROR;
				GCC_WARN_UNDECLARED_SELECTOR = YES;
				GCC_WARN_UNINITIALIZED_AUTOS = YES_AGGRESSIVE;
				GCC_WARN_UNUSED_FUNCTION = YES;
				GCC_WARN_UNUSED_VARIABLE = YES;
				IPHONEOS_DEPLOYMENT_TARGET = 15.5;
				MTL_ENABLE_DEBUG_INFO = INCLUDE_SOURCE;
				MTL_FAST_MATH = YES;
				ONLY_ACTIVE_ARCH = YES;
				SDKROOT = iphoneos;
				SWIFT_ACTIVE_COMPILATION_CONDITIONS = DEBUG;
				SWIFT_OPTIMIZATION_LEVEL = "-Onone";
			};
			name = Debug;
		};
		D1B3F2D1284511EF00EE23BD /* Release */ = {
			isa = XCBuildConfiguration;
			buildSettings = {
				ALWAYS_SEARCH_USER_PATHS = NO;
				CLANG_ANALYZER_NONNULL = YES;
				CLANG_ANALYZER_NUMBER_OBJECT_CONVERSION = YES_AGGRESSIVE;
				CLANG_CXX_LANGUAGE_STANDARD = "gnu++17";
				CLANG_ENABLE_MODULES = YES;
				CLANG_ENABLE_OBJC_ARC = YES;
				CLANG_ENABLE_OBJC_WEAK = YES;
				CLANG_WARN_BLOCK_CAPTURE_AUTORELEASING = YES;
				CLANG_WARN_BOOL_CONVERSION = YES;
				CLANG_WARN_COMMA = YES;
				CLANG_WARN_CONSTANT_CONVERSION = YES;
				CLANG_WARN_DEPRECATED_OBJC_IMPLEMENTATIONS = YES;
				CLANG_WARN_DIRECT_OBJC_ISA_USAGE = YES_ERROR;
				CLANG_WARN_DOCUMENTATION_COMMENTS = YES;
				CLANG_WARN_EMPTY_BODY = YES;
				CLANG_WARN_ENUM_CONVERSION = YES;
				CLANG_WARN_INFINITE_RECURSION = YES;
				CLANG_WARN_INT_CONVERSION = YES;
				CLANG_WARN_NON_LITERAL_NULL_CONVERSION = YES;
				CLANG_WARN_OBJC_IMPLICIT_RETAIN_SELF = YES;
				CLANG_WARN_OBJC_LITERAL_CONVERSION = YES;
				CLANG_WARN_OBJC_ROOT_CLASS = YES_ERROR;
				CLANG_WARN_QUOTED_INCLUDE_IN_FRAMEWORK_HEADER = YES;
				CLANG_WARN_RANGE_LOOP_ANALYSIS = YES;
				CLANG_WARN_STRICT_PROTOTYPES = YES;
				CLANG_WARN_SUSPICIOUS_MOVE = YES;
				CLANG_WARN_UNGUARDED_AVAILABILITY = YES_AGGRESSIVE;
				CLANG_WARN_UNREACHABLE_CODE = YES;
				CLANG_WARN__DUPLICATE_METHOD_MATCH = YES;
				COPY_PHASE_STRIP = NO;
				DEBUG_INFORMATION_FORMAT = "dwarf-with-dsym";
				ENABLE_NS_ASSERTIONS = NO;
				ENABLE_STRICT_OBJC_MSGSEND = YES;
				GCC_C_LANGUAGE_STANDARD = gnu11;
				GCC_NO_COMMON_BLOCKS = YES;
				GCC_WARN_64_TO_32_BIT_CONVERSION = YES;
				GCC_WARN_ABOUT_RETURN_TYPE = YES_ERROR;
				GCC_WARN_UNDECLARED_SELECTOR = YES;
				GCC_WARN_UNINITIALIZED_AUTOS = YES_AGGRESSIVE;
				GCC_WARN_UNUSED_FUNCTION = YES;
				GCC_WARN_UNUSED_VARIABLE = YES;
				IPHONEOS_DEPLOYMENT_TARGET = 15.5;
				MTL_ENABLE_DEBUG_INFO = NO;
				MTL_FAST_MATH = YES;
				SDKROOT = iphoneos;
				SWIFT_COMPILATION_MODE = wholemodule;
				SWIFT_OPTIMIZATION_LEVEL = "-O";
				VALIDATE_PRODUCT = YES;
			};
			name = Release;
		};
		D1B3F2D3284511EF00EE23BD /* Debug */ = {
			isa = XCBuildConfiguration;
			buildSettings = {
				ASSETCATALOG_COMPILER_APPICON_NAME = AppIcon;
				ASSETCATALOG_COMPILER_GLOBAL_ACCENT_COLOR_NAME = AccentColor;
				CODE_SIGN_STYLE = Automatic;
				CURRENT_PROJECT_VERSION = 1;
				DEVELOPMENT_ASSET_PATHS = "\"Budgeer/Preview Content\"";
				DEVELOPMENT_TEAM = FHXRXQ8RU7;
				ENABLE_PREVIEWS = YES;
				GENERATE_INFOPLIST_FILE = YES;
				INFOPLIST_KEY_UIApplicationSceneManifest_Generation = YES;
				INFOPLIST_KEY_UIApplicationSupportsIndirectInputEvents = YES;
				INFOPLIST_KEY_UILaunchScreen_Generation = YES;
				INFOPLIST_KEY_UISupportedInterfaceOrientations_iPad = "UIInterfaceOrientationPortrait UIInterfaceOrientationPortraitUpsideDown UIInterfaceOrientationLandscapeLeft UIInterfaceOrientationLandscapeRight";
				INFOPLIST_KEY_UISupportedInterfaceOrientations_iPhone = "UIInterfaceOrientationPortrait UIInterfaceOrientationLandscapeLeft UIInterfaceOrientationLandscapeRight";
				LD_RUNPATH_SEARCH_PATHS = (
					"$(inherited)",
					"@executable_path/Frameworks",
				);
				MARKETING_VERSION = 1.0;
				PRODUCT_BUNDLE_IDENTIFIER = com.example.lubecki.Budgeer;
				PRODUCT_NAME = "$(TARGET_NAME)";
				SWIFT_EMIT_LOC_STRINGS = YES;
				SWIFT_VERSION = 5.0;
				TARGETED_DEVICE_FAMILY = "1,2";
			};
			name = Debug;
		};
		D1B3F2D4284511EF00EE23BD /* Release */ = {
			isa = XCBuildConfiguration;
			buildSettings = {
				ASSETCATALOG_COMPILER_APPICON_NAME = AppIcon;
				ASSETCATALOG_COMPILER_GLOBAL_ACCENT_COLOR_NAME = AccentColor;
				CODE_SIGN_STYLE = Automatic;
				CURRENT_PROJECT_VERSION = 1;
				DEVELOPMENT_ASSET_PATHS = "\"Budgeer/Preview Content\"";
				DEVELOPMENT_TEAM = FHXRXQ8RU7;
				ENABLE_PREVIEWS = YES;
				GENERATE_INFOPLIST_FILE = YES;
				INFOPLIST_KEY_UIApplicationSceneManifest_Generation = YES;
				INFOPLIST_KEY_UIApplicationSupportsIndirectInputEvents = YES;
				INFOPLIST_KEY_UILaunchScreen_Generation = YES;
				INFOPLIST_KEY_UISupportedInterfaceOrientations_iPad = "UIInterfaceOrientationPortrait UIInterfaceOrientationPortraitUpsideDown UIInterfaceOrientationLandscapeLeft UIInterfaceOrientationLandscapeRight";
				INFOPLIST_KEY_UISupportedInterfaceOrientations_iPhone = "UIInterfaceOrientationPortrait UIInterfaceOrientationLandscapeLeft UIInterfaceOrientationLandscapeRight";
				LD_RUNPATH_SEARCH_PATHS = (
					"$(inherited)",
					"@executable_path/Frameworks",
				);
				MARKETING_VERSION = 1.0;
				PRODUCT_BUNDLE_IDENTIFIER = com.example.lubecki.Budgeer;
				PRODUCT_NAME = "$(TARGET_NAME)";
				SWIFT_EMIT_LOC_STRINGS = YES;
				SWIFT_VERSION = 5.0;
				TARGETED_DEVICE_FAMILY = "1,2";
			};
			name = Release;
		};
/* End XCBuildConfiguration section */

/* Begin XCConfigurationList section */
		D1B3F2BF284511ED00EE23BD /* Build configuration list for PBXProject "Budgeer" */ = {
			isa = XCConfigurationList;
			buildConfigurations = (
				D1B3F2D0284511EF00EE23BD /* Debug */,
				D1B3F2D1284511EF00EE23BD /* Release */,
			);
			defaultConfigurationIsVisible = 0;
			defaultConfigurationName = Release;
		};
		D1B3F2D2284511EF00EE23BD /* Build configuration list for PBXNativeTarget "Budgeer" */ = {
			isa = XCConfigurationList;
			buildConfigurations = (
				D1B3F2D3284511EF00EE23BD /* Debug */,
				D1B3F2D4284511EF00EE23BD /* Release */,
			);
			defaultConfigurationIsVisible = 0;
			defaultConfigurationName = Release;
		};
/* End XCConfigurationList section */

/* Begin XCVersionGroup section */
		D1B3F2F628451C0E00EE23BD /* Budgeer.xcdatamodeld */ = {
			isa = XCVersionGroup;
			children = (
				D1B3F2F728451C0E00EE23BD /* DataController.xcdatamodel */,
			);
			currentVersion = D1B3F2F728451C0E00EE23BD /* DataController.xcdatamodel */;
			path = Budgeer.xcdatamodeld;
			sourceTree = "<group>";
			versionGroupType = wrapper.xcdatamodel;
		};
/* End XCVersionGroup section */
	};
	rootObject = D1B3F2BC284511ED00EE23BD /* Project object */;
}
